{
  "name": "doge-core",
  "version": "1.0.0",
  "lockfileVersion": 1,
  "requires": true,
  "dependencies": {
    "@types/node": {
      "version": "14.14.34",
      "resolved": "https://registry.npmjs.org/@types/node/-/node-14.14.34.tgz",
      "integrity": "sha512-dBPaxocOK6UVyvhbnpFIj2W+S+1cBTkHQbFQfeeJhoKFbzYcVUGHvddeWPSucKATb3F0+pgDq0i6ghEaZjsugA==",
      "dev": true
    },
    "jotai": {
      "version": "0.15.2",
      "resolved": "https://registry.npmjs.org/jotai/-/jotai-0.15.2.tgz",
      "integrity": "sha512-26MxXA3PR2cN3hUfA0wYMBpoOK4UGZPdXAuFzMRRBD4ITgDdyQaGEVUFAz7B+53zFOggcOGY0G0WuClVgW7W4A=="
    },
    "superstruct": {
      "version": "0.14.2",
      "resolved": "https://registry.npmjs.org/superstruct/-/superstruct-0.14.2.tgz",
      "integrity": "sha512-nPewA6m9mR3d6k7WkZ8N8zpTWfenFH3q9pA2PkuiZxINr9DKB2+40wEQf0ixn8VaGuJ78AB6iWOtStI+/4FKZQ=="
    }
  }
}
